
Microsoft Visual Studio Solution File, Format Version 12.00
# Visual Studio Version 16
VisualStudioVersion = 16.0.30002.166
MinimumVisualStudioVersion = 10.0.40219.1
Project("{8BC9CEB8-8B4A-11D0-8D11-00A0C91BC942}") = "Lab3", "Lab3\Lab3.vcxproj", "{0D3793F7-388C-49BD-85C2-D2FB0A9D5C39}"
EndProject
Global
	GlobalSection(SolutionConfigurationPlatforms) = preSolution
		Debug|x64 = Debug|x64
		Debug|x86 = Debug|x86
		Release|x64 = Release|x64
		Release|x86 = Release|x86
	EndGlobalSection
	GlobalSection(ProjectConfigurationPlatforms) = postSolution
		{0D3793F7-388C-49BD-85C2-D2FB0A9D5C39}.Debug|x64.ActiveCfg = Debug|x64
		{0D3793F7-388C-49BD-85C2-D2FB0A9D5C39}.Debug|x64.Build.0 = Debug|x64
		{0D3793F7-388C-49BD-85C2-D2FB0A9D5C39}.Debug|x86.ActiveCfg = Debug|Win32
		{0D3793F7-388C-49BD-85C2-D2FB0A9D5C39}.Debug|x86.Build.0 = Debug|Win32
		{0D3793F7-388C-49BD-85C2-D2FB0A9D5C39}.Release|x64.ActiveCfg = Release|x64
		{0D3793F7-388C-49BD-85C2-D2FB0A9D5C39}.Release|x64.Build.0 = Release|x64
		{0D3793F7-388C-49BD-85C2-D2FB0A9D5C39}.Release|x86.ActiveCfg = Release|Win32
		{0D3793F7-388C-49BD-85C2-D2FB0A9D5C39}.Release|x86.Build.0 = Release|Win32
	EndGlobalSection
	GlobalSection(SolutionProperties) = preSolution
		HideSolutionNode = FALSE
	EndGlobalSection
	GlobalSection(ExtensibilityGlobals) = postSolution
		SolutionGuid = {C6FA3383-490F-44DF-8CFC-C18D4AB77B0F}
	EndGlobalSection
EndGlobal
